{
  "lockfileVersion": 2,
  "configVersion": 1,
  "workspaces": {
    "": {
      "name": "airtty-compile-probe",
      "dependencies": {
        "@opentui/core-linux-arm64": "0.5.12",
        "@opentui/core-linux-x64": "0.5.12",
      },
    },
  },
  "packages": {
    "@opentui/core-linux-arm64": ["@opentui/core-linux-arm64@0.5.12", "", { "os": "linux", "cpu": "arm64" }, "sha512-XeKhuIaEtgipvuPHbl4qPOBj+Ut+2zObmsxMVM1jDcjz/FatG9PGeGQPx1G1SnvH2AgpT4K+eCu7DUF0+yIqoQ=="],

    "@opentui/core-linux-x64": ["@opentui/core-linux-x64@0.5.12", "", { "os": "linux", "cpu": "x64" }, "sha512-eZiCjEzwbb6qClPPfk32Nha9xmr9obt69Xj0+9SKsXxWLBKkjQEGOMRoh/R9ObaQF4aq8If1xV3VEY0sD9W9vg=="],
  }
}
