{
  "lockfileVersion": 2,
  "configVersion": 1,
  "workspaces": {
    "": {
      "dependencies": {
        "@tanstack/devtools-event-bus": "0.4.3",
        "@tanstack/devtools-event-client": "0.4.4",
      },
    },
  },
  "packages": {
    "@tanstack/devtools-event-bus": ["@tanstack/devtools-event-bus@0.4.3", "", { "dependencies": { "ws": "^8.18.3" } }, "sha512-NeegBt5/n2E5q4DbrXHqECBq42+kDi6JBOp8/+RNqkIE+P4hJpbM36kGyjnGQFMWOoku31qhMyX9/48VuTTdmg=="],

    "@tanstack/devtools-event-client": ["@tanstack/devtools-event-client@0.4.4", "", { "bin": { "intent": "./bin/intent.js" } }, "sha512-6T5Yop/793YI+H+5J8Hsyj4kCih9sl4t3ElLgKioW5hk3ocn+ZdSJ94tT7vL7uabxSugWYBZlOTMPzEw2puvQw=="],

    "ws": ["ws@8.21.3", "", { "peerDependencies": { "bufferutil": "^4.0.1", "utf-8-validate": ">=5.0.2" }, "optionalPeers": ["bufferutil", "utf-8-validate"] }, "sha512-201TZ/kPWxoPr/OKWjquZR1SWKXcvxdH+e1xrx89b3YbmzLMFCLfnaG1HFIgWzJOEWZ7MvpK++odZufgYR50Rw=="],
  }
}
