{
  "lockfileVersion": 2,
  "configVersion": 1,
  "workspaces": {
    "": {
      "name": "airtty-vt-embed-probe",
      "dependencies": {
        "@xterm/addon-serialize": "0.14.0",
        "@xterm/addon-unicode-graphemes": "0.4.0",
        "@xterm/headless": "6.0.0",
        "ghostty-opentui": "1.5.0",
        "ghostty-web": "0.4.0",
        "libghostty-vt": "0.6.3",
      },
    },
  },
  "packages": {
    "@resvg/resvg-wasm": ["@resvg/resvg-wasm@2.6.2", "", {}, "sha512-FqALmHI8D4o6lk/LRWDnhw95z5eO+eAa6ORjVg09YRR7BkcM6oPHU9uyC0gtQG5vpFLvgpeU4+zEAz2H8APHNw=="],

    "@xterm/addon-serialize": ["@xterm/addon-serialize@0.14.0", "", {}, "sha512-uteyTU1EkrQa2Ux6P/uFl2fzmXI46jy5uoQMKEOM0fKTyiW7cSn0WrFenHm5vO5uEXX/GpwW/FgILvv3r0WbkA=="],

    "@xterm/addon-unicode-graphemes": ["@xterm/addon-unicode-graphemes@0.4.0", "", {}, "sha512-9+/CqwbKcnlkJU4d3wIgO+wjsL8f6vyz+UwUWLu6nADQz8Gr8ONqGCJfdDjIdI+yYZLABQqQy47FzEM6AWELjw=="],

    "@xterm/headless": ["@xterm/headless@6.0.0", "", {}, "sha512-5Yj1QINYCyzrZtf8OFIHi47iQtI+0qYFPHmouEfG8dHNxbZ9Tb9YGSuLcsEwj9Z+OL75GJqPyJbyoFer80a2Hw=="],

    "ansi-regex": ["ansi-regex@6.3.0", "", {}, "sha512-WpDfL7NO6j7tH88IDBNVdUJxDh9nmCteAVW9dsep846XdwF4naCBK+/tGLX3KJgcpgMRXCFlTM2hKGoK9FsdrQ=="],

    "clone": ["clone@1.0.4", "", {}, "sha512-JQHZ2QMW6l3aH/j6xCqQThY/9OH4D/9ls34cgkUBiEeocRTU04tHfKPBsUK1PqZCUQM7GiA0IIXJSuXHI64Kbg=="],

    "defaults": ["defaults@1.0.4", "", { "dependencies": { "clone": "^1.0.2" } }, "sha512-eFuaLoy/Rxalv2kr+lqMlUnrDWV+3j4pljOIJgLIhI058IQfWJ7vXhyEIHu+HtC738klGALYxOKDO0bQP3tg8A=="],

    "ghostty-opentui": ["ghostty-opentui@1.5.0", "", { "dependencies": { "@resvg/resvg-wasm": "^2.6.2", "strip-ansi": "^7.1.2", "wcwidth": "^1.0.1" }, "peerDependencies": { "@opentui/core": "*" }, "optionalPeers": ["@opentui/core"] }, "sha512-1Kux7BjVtCevjz6Y/tsNPahXmEzJwAc3MqbmsX8chO6CybDG8YOna3gVbQuOgBRte4/CxOtGYJ9rgAKpqGKFPA=="],

    "ghostty-web": ["ghostty-web@0.4.0", "", {}, "sha512-0puDBik2qapbD/QQBW9o5ZHfXnZBqZWx/ctBiVtKZ6ZLds4NYb+wZuw1cRLXZk9zYovIQ908z3rvFhexAvc5Hg=="],

    "libghostty-vt": ["libghostty-vt@0.6.3", "", {}, "sha512-kGWScMlGTx5BIzRymUtoQ5zfv32SO1MuO4fYB2WwFcclB0BqpzzIy3qnezUj7wUpMgH/QIbTwMPQc9NNDnEH2Q=="],

    "strip-ansi": ["strip-ansi@7.1.2", "", { "dependencies": { "ansi-regex": "^6.0.1" } }, "sha512-gmBGslpoQJtgnMAvOVqGZpEz9dyoKTCzy2nfz/n8aIFhN/jCE/rCmcxabB6jOOHV+0WNnylOxaxBQPSvcWklhA=="],

    "wcwidth": ["wcwidth@1.0.1", "", { "dependencies": { "defaults": "^1.0.3" } }, "sha512-XHPEwS0q6TaxcvG85+8EYkbiCux2XtWG2mkc47Ng2A77BQu9+DqIOJldST4HgPkuea7dvKSj5VgX3P1d4rW8Tg=="],
  }
}
